{
  "requires": true,
  "lockfileVersion": 1,
  "dependencies": {
    "use-double-click": {
      "version": "1.0.5",
      "resolved": "https://registry.npmjs.org/use-double-click/-/use-double-click-1.0.5.tgz",
      "integrity": "sha512-71LUca6NtzpzHYlcfM/dOdmwvmvpMbzeIVQpN87w+DctpLiMCXtZpsN8FNWPgHpPBtNhvucPUHIDh5al8D8C7w=="
    }
  }
}
